{
  "name": "chalk-blog",
  "version": "2.5.2b",
  "lockfileVersion": 1,
  "requires": true,
  "dependencies": {
    "argparse": {
      "version": "1.0.9",
      "resolved": "https://registry.npmjs.org/argparse/-/argparse-1.0.9.tgz",
      "integrity": "sha1-c9g7wmP4bpf4zE9rrhsOkKfSLIY=",
      "requires": {
        "sprintf-js": "1.0.3"
      }
    },
    "cmd-executor": {
      "version": "1.1.1",
      "resolved": "https://registry.npmjs.org/cmd-executor/-/cmd-executor-1.1.1.tgz",
      "integrity": "sha1-R6O6issIoR8KPH8qXGZn/uEtu0s=",
      "requires": {
        "simple-exec-promise": "1.0.1"
      }
    },
    "entities": {
      "version": "1.1.1",
      "resolved": "https://registry.npmjs.org/entities/-/entities-1.1.1.tgz",
      "integrity": "sha1-blwtClYhtdra7O+AuQ7ftc13cvA="
    },
    "ezcli": {
      "version": "1.4.3",
      "resolved": "https://registry.npmjs.org/ezcli/-/ezcli-1.4.3.tgz",
      "integrity": "sha1-dnkUFY5/+J14B9ufYuy6MzfTS1w=",
      "requires": {
        "get-function-params": "2.0.3"
      }
    },
    "get-function-params": {
      "version": "2.0.3",
      "resolved": "https://registry.npmjs.org/get-function-params/-/get-function-params-2.0.3.tgz",
      "integrity": "sha1-JFefYFwRvGEDlRMeJs73B6f+UF4="
    },
    "highlight.js": {
      "version": "9.12.0",
      "resolved": "https://registry.npmjs.org/highlight.js/-/highlight.js-9.12.0.tgz",
      "integrity": "sha1-5tnb5Xy+/mB1HwKvM2GVhwyQwB4="
    },
    "linkify-it": {
      "version": "2.0.3",
      "resolved": "https://registry.npmjs.org/linkify-it/-/linkify-it-2.0.3.tgz",
      "integrity": "sha1-2UpGSPmxwXnWT6lykSaL22zpQ08=",
      "requires": {
        "uc.micro": "1.0.3"
      }
    },
    "markdown-it": {
      "version": "8.4.0",
      "resolved": "https://registry.npmjs.org/markdown-it/-/markdown-it-8.4.0.tgz",
      "integrity": "sha512-tNuOCCfunY5v5uhcO2AUMArvKAyKMygX8tfup/JrgnsDqcCATQsAExBq7o5Ml9iMmO82bk6jYNLj6khcrl0JGA==",
      "requires": {
        "argparse": "1.0.9",
        "entities": "1.1.1",
        "linkify-it": "2.0.3",
        "mdurl": "1.0.1",
        "uc.micro": "1.0.3"
      }
    },
    "mdurl": {
      "version": "1.0.1",
      "resolved": "https://registry.npmjs.org/mdurl/-/mdurl-1.0.1.tgz",
      "integrity": "sha1-/oWy7HWlkDfyrf7BAP1sYBdhFS4="
    },
    "mime-db": {
      "version": "1.25.0",
      "resolved": "https://registry.npmjs.org/mime-db/-/mime-db-1.25.0.tgz",
      "integrity": "sha1-wY29fHOl2/b0SgJNwNFloeexw5I="
    },
    "mime-types": {
      "version": "2.1.13",
      "resolved": "https://registry.npmjs.org/mime-types/-/mime-types-2.1.13.tgz",
      "integrity": "sha1-4HqqnGxrmnyjASxpADrSWjnpKog=",
      "requires": {
        "mime-db": "1.25.0"
      }
    },
    "rss": {
      "version": "1.2.2",
      "resolved": "https://registry.npmjs.org/rss/-/rss-1.2.2.tgz",
      "integrity": "sha1-UKFpiHYTgTOnT5oF0r3I240nqSE=",
      "requires": {
        "mime-types": "2.1.13",
        "xml": "1.0.1"
      }
    },
    "simple-exec-promise": {
      "version": "1.0.1",
      "resolved": "https://registry.npmjs.org/simple-exec-promise/-/simple-exec-promise-1.0.1.tgz",
      "integrity": "sha1-+S+KzAdX25suHntdV+Quy/8fim4="
    },
    "sprintf-js": {
      "version": "1.0.3",
      "resolved": "https://registry.npmjs.org/sprintf-js/-/sprintf-js-1.0.3.tgz",
      "integrity": "sha1-BOaSb2YolTVPPdAVIDYzuFcpfiw="
    },
    "uc.micro": {
      "version": "1.0.3",
      "resolved": "https://registry.npmjs.org/uc.micro/-/uc.micro-1.0.3.tgz",
      "integrity": "sha1-ftUNXg+an7ClczeSWfKndFjVAZI="
    },
    "xml": {
      "version": "1.0.1",
      "resolved": "https://registry.npmjs.org/xml/-/xml-1.0.1.tgz",
      "integrity": "sha1-eLpyAgApxbyHuKgaPPzXS0ovweU="
    }
  }
}
